
Microsoft Visual Studio Solution File, Format Version 12.00
# Visual Studio Version 17
VisualStudioVersion = 17.3.32901.215
MinimumVisualStudioVersion = 10.0.40219.1
Project("{FAE04EC0-301F-11D3-BF4B-00C04F79EFBC}") = "Ponavljanje-zad2", "Ponavljanje-zad2\Ponavljanje-zad2.csproj", "{C46CCB9A-4491-4E17-9D2D-5514879DBFBF}"
EndProject
Global
	GlobalSection(SolutionConfigurationPlatforms) = preSolution
		Debug|Any CPU = Debug|Any CPU
		Release|Any CPU = Release|Any CPU
	EndGlobalSection
	GlobalSection(ProjectConfigurationPlatforms) = postSolution
		{C46CCB9A-4491-4E17-9D2D-5514879DBFBF}.Debug|Any CPU.ActiveCfg = Debug|Any CPU
		{C46CCB9A-4491-4E17-9D2D-5514879DBFBF}.Debug|Any CPU.Build.0 = Debug|Any CPU
		{C46CCB9A-4491-4E17-9D2D-5514879DBFBF}.Release|Any CPU.ActiveCfg = Release|Any CPU
		{C46CCB9A-4491-4E17-9D2D-5514879DBFBF}.Release|Any CPU.Build.0 = Release|Any CPU
	EndGlobalSection
	GlobalSection(SolutionProperties) = preSolution
		HideSolutionNode = FALSE
	EndGlobalSection
	GlobalSection(ExtensibilityGlobals) = postSolution
		SolutionGuid = {3314C8F1-F303-4140-A1E9-3DC679830A83}
	EndGlobalSection
EndGlobal
